
Microsoft Visual Studio Solution File, Format Version 12.00
# Visual Studio Version 16
VisualStudioVersion = 16.0.34407.143
MinimumVisualStudioVersion = 10.0.40219.1
Project("{FAE04EC0-301F-11D3-BF4B-00C04F79EFBC}") = "01_Heranca", "01_Heranca\01_Heranca.csproj", "{33DEE9DD-E296-45A2-ADC3-95722D781188}"
EndProject
Project("{FAE04EC0-301F-11D3-BF4B-00C04F79EFBC}") = "02_Sobrescrita", "02_Sobrescrita\02_Sobrescrita.csproj", "{128F0AF5-6252-4C7C-AF4E-31DAF55F6703}"
EndProject
Project("{FAE04EC0-301F-11D3-BF4B-00C04F79EFBC}") = "03_Sobrecarga", "03_Sobrecarga\03_Sobrecarga.csproj", "{420BB923-90E9-4D36-8018-BC77973877F0}"
EndProject
Project("{FAE04EC0-301F-11D3-BF4B-00C04F79EFBC}") = "04_Polimorfismo", "04_Polimorfismo\04_Polimorfismo.csproj", "{4DDE3F85-42BB-495D-BD86-3DD6F999CEFB}"
EndProject
Project("{FAE04EC0-301F-11D3-BF4B-00C04F79EFBC}") = "05_Construtor", "05_Construtor\05_Construtor.csproj", "{A29FACC8-F32E-466A-8BBF-732F510F39EB}"
EndProject
Global
	GlobalSection(SolutionConfigurationPlatforms) = preSolution
		Debug|Any CPU = Debug|Any CPU
		Release|Any CPU = Release|Any CPU
	EndGlobalSection
	GlobalSection(ProjectConfigurationPlatforms) = postSolution
		{33DEE9DD-E296-45A2-ADC3-95722D781188}.Debug|Any CPU.ActiveCfg = Debug|Any CPU
		{33DEE9DD-E296-45A2-ADC3-95722D781188}.Debug|Any CPU.Build.0 = Debug|Any CPU
		{33DEE9DD-E296-45A2-ADC3-95722D781188}.Release|Any CPU.ActiveCfg = Release|Any CPU
		{33DEE9DD-E296-45A2-ADC3-95722D781188}.Release|Any CPU.Build.0 = Release|Any CPU
		{128F0AF5-6252-4C7C-AF4E-31DAF55F6703}.Debug|Any CPU.ActiveCfg = Debug|Any CPU
		{128F0AF5-6252-4C7C-AF4E-31DAF55F6703}.Debug|Any CPU.Build.0 = Debug|Any CPU
		{128F0AF5-6252-4C7C-AF4E-31DAF55F6703}.Release|Any CPU.ActiveCfg = Release|Any CPU
		{128F0AF5-6252-4C7C-AF4E-31DAF55F6703}.Release|Any CPU.Build.0 = Release|Any CPU
		{420BB923-90E9-4D36-8018-BC77973877F0}.Debug|Any CPU.ActiveCfg = Debug|Any CPU
		{420BB923-90E9-4D36-8018-BC77973877F0}.Debug|Any CPU.Build.0 = Debug|Any CPU
		{420BB923-90E9-4D36-8018-BC77973877F0}.Release|Any CPU.ActiveCfg = Release|Any CPU
		{420BB923-90E9-4D36-8018-BC77973877F0}.Release|Any CPU.Build.0 = Release|Any CPU
		{4DDE3F85-42BB-495D-BD86-3DD6F999CEFB}.Debug|Any CPU.ActiveCfg = Debug|Any CPU
		{4DDE3F85-42BB-495D-BD86-3DD6F999CEFB}.Debug|Any CPU.Build.0 = Debug|Any CPU
		{4DDE3F85-42BB-495D-BD86-3DD6F999CEFB}.Release|Any CPU.ActiveCfg = Release|Any CPU
		{4DDE3F85-42BB-495D-BD86-3DD6F999CEFB}.Release|Any CPU.Build.0 = Release|Any CPU
		{A29FACC8-F32E-466A-8BBF-732F510F39EB}.Debug|Any CPU.ActiveCfg = Debug|Any CPU
		{A29FACC8-F32E-466A-8BBF-732F510F39EB}.Debug|Any CPU.Build.0 = Debug|Any CPU
		{A29FACC8-F32E-466A-8BBF-732F510F39EB}.Release|Any CPU.ActiveCfg = Release|Any CPU
		{A29FACC8-F32E-466A-8BBF-732F510F39EB}.Release|Any CPU.Build.0 = Release|Any CPU
	EndGlobalSection
	GlobalSection(SolutionProperties) = preSolution
		HideSolutionNode = FALSE
	EndGlobalSection
	GlobalSection(ExtensibilityGlobals) = postSolution
		SolutionGuid = {C7BC2574-798A-4917-B44C-E061C0C794F0}
	EndGlobalSection
EndGlobal
